
Microsoft Visual Studio Solution File, Format Version 12.00
# Visual Studio Version 17
VisualStudioVersion = 17.2.32526.322
MinimumVisualStudioVersion = 10.0.40219.1
Project("{FAE04EC0-301F-11D3-BF4B-00C04F79EFBC}") = "GenericsDemo", "GenericsDemo\GenericsDemo.csproj", "{9F925074-5F26-4185-9C36-F9FDF1BAF56F}"
EndProject
Global
	GlobalSection(SolutionConfigurationPlatforms) = preSolution
		Debug|Any CPU = Debug|Any CPU
		Release|Any CPU = Release|Any CPU
	EndGlobalSection
	GlobalSection(ProjectConfigurationPlatforms) = postSolution
		{9F925074-5F26-4185-9C36-F9FDF1BAF56F}.Debug|Any CPU.ActiveCfg = Debug|Any CPU
		{9F925074-5F26-4185-9C36-F9FDF1BAF56F}.Debug|Any CPU.Build.0 = Debug|Any CPU
		{9F925074-5F26-4185-9C36-F9FDF1BAF56F}.Release|Any CPU.ActiveCfg = Release|Any CPU
		{9F925074-5F26-4185-9C36-F9FDF1BAF56F}.Release|Any CPU.Build.0 = Release|Any CPU
	EndGlobalSection
	GlobalSection(SolutionProperties) = preSolution
		HideSolutionNode = FALSE
	EndGlobalSection
	GlobalSection(ExtensibilityGlobals) = postSolution
		SolutionGuid = {B329FC51-52A6-40B2-B708-BE0E2456EB56}
	EndGlobalSection
EndGlobal
